
Microsoft Visual Studio Solution File, Format Version 12.00
# Visual Studio Version 16
VisualStudioVersion = 16.0.808.4
MinimumVisualStudioVersion = 10.0.40219.1
Project("{FAE04EC0-301F-11D3-BF4B-00C04F79EFBC}") = "ICQ_ManagerServer", "ICQ_ManagerServer\ICQ_ManagerServer.csproj", "{E4D16641-7027-46E3-BB67-038F9906C908}"
EndProject
Project("{FAE04EC0-301F-11D3-BF4B-00C04F79EFBC}") = "ICQ_AppDomain", "ICQ_App\ICQ_AppDomain.csproj", "{02923A20-AF36-4AD6-92AD-0AB0210B6056}"
EndProject
Project("{FAE04EC0-301F-11D3-BF4B-00C04F79EFBC}") = "ICQ_Test", "IC_AppTest\ICQ_Test.csproj", "{721BC515-A968-426F-955E-83F06AB1E676}"
EndProject
Project("{2150E333-8FDC-42A3-9474-1A3956D46DE8}") = "Domain", "Domain", "{A2C05E9D-8CD8-4089-AA9E-A59BD84BEC00}"
EndProject
Project("{2150E333-8FDC-42A3-9474-1A3956D46DE8}") = "Application", "Application", "{1EF3B670-9068-479E-9963-C931D1976E2D}"
EndProject
Project("{FAE04EC0-301F-11D3-BF4B-00C04F79EFBC}") = "ICQ_AppAplicattion", "ICQ_Application\ICQ_AppAplicattion.csproj", "{E22693B5-23EB-461D-BE14-8984B5596B0C}"
EndProject
Global
	GlobalSection(SolutionConfigurationPlatforms) = preSolution
		Debug|Any CPU = Debug|Any CPU
		Release|Any CPU = Release|Any CPU
	EndGlobalSection
	GlobalSection(ProjectConfigurationPlatforms) = postSolution
		{E4D16641-7027-46E3-BB67-038F9906C908}.Debug|Any CPU.ActiveCfg = Debug|Any CPU
		{E4D16641-7027-46E3-BB67-038F9906C908}.Debug|Any CPU.Build.0 = Debug|Any CPU
		{E4D16641-7027-46E3-BB67-038F9906C908}.Release|Any CPU.ActiveCfg = Release|Any CPU
		{E4D16641-7027-46E3-BB67-038F9906C908}.Release|Any CPU.Build.0 = Release|Any CPU
		{02923A20-AF36-4AD6-92AD-0AB0210B6056}.Debug|Any CPU.ActiveCfg = Debug|Any CPU
		{02923A20-AF36-4AD6-92AD-0AB0210B6056}.Debug|Any CPU.Build.0 = Debug|Any CPU
		{02923A20-AF36-4AD6-92AD-0AB0210B6056}.Release|Any CPU.ActiveCfg = Release|Any CPU
		{02923A20-AF36-4AD6-92AD-0AB0210B6056}.Release|Any CPU.Build.0 = Release|Any CPU
		{721BC515-A968-426F-955E-83F06AB1E676}.Debug|Any CPU.ActiveCfg = Debug|Any CPU
		{721BC515-A968-426F-955E-83F06AB1E676}.Debug|Any CPU.Build.0 = Debug|Any CPU
		{721BC515-A968-426F-955E-83F06AB1E676}.Release|Any CPU.ActiveCfg = Release|Any CPU
		{721BC515-A968-426F-955E-83F06AB1E676}.Release|Any CPU.Build.0 = Release|Any CPU
		{E22693B5-23EB-461D-BE14-8984B5596B0C}.Debug|Any CPU.ActiveCfg = Debug|Any CPU
		{E22693B5-23EB-461D-BE14-8984B5596B0C}.Debug|Any CPU.Build.0 = Debug|Any CPU
		{E22693B5-23EB-461D-BE14-8984B5596B0C}.Release|Any CPU.ActiveCfg = Release|Any CPU
		{E22693B5-23EB-461D-BE14-8984B5596B0C}.Release|Any CPU.Build.0 = Release|Any CPU
	EndGlobalSection
	GlobalSection(SolutionProperties) = preSolution
		HideSolutionNode = FALSE
	EndGlobalSection
	GlobalSection(ExtensibilityGlobals) = postSolution
		SolutionGuid = {4F8CF3F4-4F43-4D47-B7B8-FE3502803403}
	EndGlobalSection
	GlobalSection(NestedProjects) = preSolution
		{02923A20-AF36-4AD6-92AD-0AB0210B6056} = {A2C05E9D-8CD8-4089-AA9E-A59BD84BEC00}
		{E22693B5-23EB-461D-BE14-8984B5596B0C} = {1EF3B670-9068-479E-9963-C931D1976E2D}
	EndGlobalSection
EndGlobal
