
Microsoft Visual Studio Solution File, Format Version 12.00
# Visual Studio Version 16
VisualStudioVersion = 16.0.808.4
MinimumVisualStudioVersion = 10.0.40219.1
Project("{FAE04EC0-301F-11D3-BF4B-00C04F79EFBC}") = "ICQ_ManagerServer", "ICQ_ManagerServer\ICQ_ManagerServer.csproj", "{72646CE6-2C38-4EE3-8D64-ABBFE6E89E6E}"
EndProject
Global
	GlobalSection(SolutionConfigurationPlatforms) = preSolution
		Debug|Any CPU = Debug|Any CPU
		Release|Any CPU = Release|Any CPU
	EndGlobalSection
	GlobalSection(ProjectConfigurationPlatforms) = postSolution
		{72646CE6-2C38-4EE3-8D64-ABBFE6E89E6E}.Debug|Any CPU.ActiveCfg = Debug|Any CPU
		{72646CE6-2C38-4EE3-8D64-ABBFE6E89E6E}.Debug|Any CPU.Build.0 = Debug|Any CPU
		{72646CE6-2C38-4EE3-8D64-ABBFE6E89E6E}.Release|Any CPU.ActiveCfg = Release|Any CPU
		{72646CE6-2C38-4EE3-8D64-ABBFE6E89E6E}.Release|Any CPU.Build.0 = Release|Any CPU
	EndGlobalSection
	GlobalSection(SolutionProperties) = preSolution
		HideSolutionNode = FALSE
	EndGlobalSection
	GlobalSection(ExtensibilityGlobals) = postSolution
		SolutionGuid = {4F8CF3F4-4F43-4D47-B7B8-FE3502803403}
	EndGlobalSection
EndGlobal
