
Microsoft Visual Studio Solution File, Format Version 12.00
# Visual Studio Version 16
VisualStudioVersion = 16.0.808.4
MinimumVisualStudioVersion = 10.0.40219.1
Project("{FAE04EC0-301F-11D3-BF4B-00C04F79EFBC}") = "ICQ_ManagerServer", "ICQ_ManagerServer\ICQ_ManagerServer.csproj", "{E4D16641-7027-46E3-BB67-038F9906C908}"
EndProject
Project("{FAE04EC0-301F-11D3-BF4B-00C04F79EFBC}") = "ICQ_App", "ICQ_App\ICQ_App.csproj", "{02923A20-AF36-4AD6-92AD-0AB0210B6056}"
EndProject
Project("{FAE04EC0-301F-11D3-BF4B-00C04F79EFBC}") = "ICQ_Test", "IC_AppTest\ICQ_Test.csproj", "{721BC515-A968-426F-955E-83F06AB1E676}"
EndProject
Global
	GlobalSection(SolutionConfigurationPlatforms) = preSolution
		Debug|Any CPU = Debug|Any CPU
		Release|Any CPU = Release|Any CPU
	EndGlobalSection
	GlobalSection(ProjectConfigurationPlatforms) = postSolution
		{E4D16641-7027-46E3-BB67-038F9906C908}.Debug|Any CPU.ActiveCfg = Debug|Any CPU
		{E4D16641-7027-46E3-BB67-038F9906C908}.Debug|Any CPU.Build.0 = Debug|Any CPU
		{E4D16641-7027-46E3-BB67-038F9906C908}.Release|Any CPU.ActiveCfg = Release|Any CPU
		{E4D16641-7027-46E3-BB67-038F9906C908}.Release|Any CPU.Build.0 = Release|Any CPU
		{02923A20-AF36-4AD6-92AD-0AB0210B6056}.Debug|Any CPU.ActiveCfg = Debug|Any CPU
		{02923A20-AF36-4AD6-92AD-0AB0210B6056}.Debug|Any CPU.Build.0 = Debug|Any CPU
		{02923A20-AF36-4AD6-92AD-0AB0210B6056}.Release|Any CPU.ActiveCfg = Release|Any CPU
		{02923A20-AF36-4AD6-92AD-0AB0210B6056}.Release|Any CPU.Build.0 = Release|Any CPU
		{721BC515-A968-426F-955E-83F06AB1E676}.Debug|Any CPU.ActiveCfg = Debug|Any CPU
		{721BC515-A968-426F-955E-83F06AB1E676}.Debug|Any CPU.Build.0 = Debug|Any CPU
		{721BC515-A968-426F-955E-83F06AB1E676}.Release|Any CPU.ActiveCfg = Release|Any CPU
		{721BC515-A968-426F-955E-83F06AB1E676}.Release|Any CPU.Build.0 = Release|Any CPU
	EndGlobalSection
	GlobalSection(SolutionProperties) = preSolution
		HideSolutionNode = FALSE
	EndGlobalSection
	GlobalSection(ExtensibilityGlobals) = postSolution
		SolutionGuid = {4F8CF3F4-4F43-4D47-B7B8-FE3502803403}
	EndGlobalSection
EndGlobal
