
Microsoft Visual Studio Solution File, Format Version 12.00
# Visual Studio Version 16
VisualStudioVersion = 16.0.808.4
MinimumVisualStudioVersion = 10.0.40219.1
Project("{FAE04EC0-301F-11D3-BF4B-00C04F79EFBC}") = "ICQ_Client", "ICQ_Client\ICQ_Client.csproj", "{CE4B45A3-AF5A-4B14-92B8-EE039EF20102}"
EndProject
Global
	GlobalSection(SolutionConfigurationPlatforms) = preSolution
		Debug|Any CPU = Debug|Any CPU
		Release|Any CPU = Release|Any CPU
	EndGlobalSection
	GlobalSection(ProjectConfigurationPlatforms) = postSolution
		{CE4B45A3-AF5A-4B14-92B8-EE039EF20102}.Debug|Any CPU.ActiveCfg = Debug|Any CPU
		{CE4B45A3-AF5A-4B14-92B8-EE039EF20102}.Debug|Any CPU.Build.0 = Debug|Any CPU
		{CE4B45A3-AF5A-4B14-92B8-EE039EF20102}.Release|Any CPU.ActiveCfg = Release|Any CPU
		{CE4B45A3-AF5A-4B14-92B8-EE039EF20102}.Release|Any CPU.Build.0 = Release|Any CPU
	EndGlobalSection
	GlobalSection(SolutionProperties) = preSolution
		HideSolutionNode = FALSE
	EndGlobalSection
	GlobalSection(ExtensibilityGlobals) = postSolution
		SolutionGuid = {CBAE4D94-1173-428A-859F-31E414A6741E}
	EndGlobalSection
EndGlobal
